
Microsoft Visual Studio Solution File, Format Version 12.00
# Visual Studio Version 16
VisualStudioVersion = 16.0.32413.511
MinimumVisualStudioVersion = 10.0.40219.1
Project("{FAE04EC0-301F-11D3-BF4B-00C04F79EFBC}") = "Combination Sum", "Combination Sum\Combination Sum.csproj", "{711BE8E4-AB9D-49CC-9C60-1B3D61A3D5D8}"
EndProject
Global
	GlobalSection(SolutionConfigurationPlatforms) = preSolution
		Debug|Any CPU = Debug|Any CPU
		Release|Any CPU = Release|Any CPU
	EndGlobalSection
	GlobalSection(ProjectConfigurationPlatforms) = postSolution
		{711BE8E4-AB9D-49CC-9C60-1B3D61A3D5D8}.Debug|Any CPU.ActiveCfg = Debug|Any CPU
		{711BE8E4-AB9D-49CC-9C60-1B3D61A3D5D8}.Debug|Any CPU.Build.0 = Debug|Any CPU
		{711BE8E4-AB9D-49CC-9C60-1B3D61A3D5D8}.Release|Any CPU.ActiveCfg = Release|Any CPU
		{711BE8E4-AB9D-49CC-9C60-1B3D61A3D5D8}.Release|Any CPU.Build.0 = Release|Any CPU
	EndGlobalSection
	GlobalSection(SolutionProperties) = preSolution
		HideSolutionNode = FALSE
	EndGlobalSection
	GlobalSection(ExtensibilityGlobals) = postSolution
		SolutionGuid = {8CDF4BD9-9CDE-4311-9811-DCC9CA4D38F8}
	EndGlobalSection
EndGlobal
